{
  "name": "Examine",
  "version": "1.0.0",
  "lockfileVersion": 1,
  "requires": true,
  "dependencies": {
    "@types/colors": {
      "version": "1.2.1",
      "resolved": "http://opscert-artifactory.route53.lexis.com/artifactory/api/npm/npm-virtual/@types/colors/-/colors-1.2.1.tgz",
      "integrity": "sha1-V3A/Gp9/X8QK+4Hu8T6WrN0QFqY=",
      "dev": true,
      "requires": {
        "colors": "1.2.1"
      }
    },
    "colors": {
      "version": "1.2.1",
      "resolved": "http://opscert-artifactory.route53.lexis.com/artifactory/api/npm/npm-virtual/colors/-/colors-1.2.1.tgz",
      "integrity": "sha1-9KPTApdqrwQjVroa3jsaLGLZ15Q=",
      "dev": true
    }
  }
}
